
Microsoft Visual Studio Solution File, Format Version 12.00
# Visual Studio Version 17
VisualStudioVersion = 17.8.34004.107
MinimumVisualStudioVersion = 10.0.40219.1
Project("{9A19103F-16F7-4668-BE54-9A1E7A4F7556}") = "Demo 1 - System.Text.Json", "Demo 1\Demo 1 - System.Text.Json.csproj", "{C6D0739E-844E-4835-AF6A-8146556439F0}"
EndProject
Project("{9A19103F-16F7-4668-BE54-9A1E7A4F7556}") = "Demo 2 - TimeProvider", "Demo 2\Demo 2 - TimeProvider.csproj", "{EEB6FD9A-019D-4717-9194-55EE3272739C}"
EndProject
Project("{9A19103F-16F7-4668-BE54-9A1E7A4F7556}") = "Demo 3 - Spans and Ranges", "Demo 3\Demo 3 - Spans and Ranges.csproj", "{2E9CE388-A8B3-4E5B-A2BE-770E5673A005}"
EndProject
Project("{9A19103F-16F7-4668-BE54-9A1E7A4F7556}") = "Demo 4 - ASP.NET Core", "Demo 4\Demo 4 - ASP.NET Core.csproj", "{EB505C5F-0D5B-4B81-BF9C-2AE05876A3D0}"
EndProject
Project("{9A19103F-16F7-4668-BE54-9A1E7A4F7556}") = "Demo 5 - C# 11", "Demo 5\Demo 5 - C# 11.csproj", "{669D35FE-EECF-4A30-9BA3-1890FD34C21B}"
EndProject
Project("{9A19103F-16F7-4668-BE54-9A1E7A4F7556}") = "Demo 6 - C# 12", "Demo 6\Demo 6 - C# 12.csproj", "{BDB56895-FD3A-42B8-80DE-E118FEC690EA}"
EndProject
Project("{9A19103F-16F7-4668-BE54-9A1E7A4F7556}") = "Demo 7 - .NET MAUI", "Demo 7 - .NET MAUI\Demo 7 - .NET MAUI.csproj", "{6DAE9F41-3A87-46CC-A548-313EFF89877F}"
EndProject
Project("{FAE04EC0-301F-11D3-BF4B-00C04F79EFBC}") = "Aspire.AppHost", "Demo 8\Aspire.AppHost\Aspire.AppHost.csproj", "{8CC7CA11-5A86-4647-90F7-426848F6B797}"
EndProject
Project("{9A19103F-16F7-4668-BE54-9A1E7A4F7556}") = "Aspire.ServiceDefaults", "Demo 8\Aspire.ServiceDefaults\Aspire.ServiceDefaults.csproj", "{CDE92D22-48B1-4D2E-9827-CCEF9415569A}"
EndProject
Project("{9A19103F-16F7-4668-BE54-9A1E7A4F7556}") = "Aspire.ApiService", "Demo 8\Aspire.ApiService\Aspire.ApiService.csproj", "{31ED121D-96D0-43EA-82A3-D76AEAFA3C45}"
EndProject
Project("{9A19103F-16F7-4668-BE54-9A1E7A4F7556}") = "Aspire.Web", "Demo 8\Aspire.Web\Aspire.Web.csproj", "{11591C9B-A856-45DB-B84F-75F1CB8758C4}"
EndProject
Project("{2150E333-8FDC-42A3-9474-1A3956D46DE8}") = "Demo 8 - Aspire", "Demo 8 - Aspire", "{11402A15-EA91-4DDD-A5AE-8265D60F09E8}"
EndProject
Project("{2150E333-8FDC-42A3-9474-1A3956D46DE8}") = "Demo 1 - 7", "Demo 1 - 7", "{E2E8AE3F-154D-4A07-BF54-DA40A79B7ED3}"
EndProject
Global
	GlobalSection(SolutionConfigurationPlatforms) = preSolution
		Debug|Any CPU = Debug|Any CPU
		Release|Any CPU = Release|Any CPU
	EndGlobalSection
	GlobalSection(ProjectConfigurationPlatforms) = postSolution
		{C6D0739E-844E-4835-AF6A-8146556439F0}.Debug|Any CPU.ActiveCfg = Debug|Any CPU
		{C6D0739E-844E-4835-AF6A-8146556439F0}.Debug|Any CPU.Build.0 = Debug|Any CPU
		{C6D0739E-844E-4835-AF6A-8146556439F0}.Release|Any CPU.ActiveCfg = Release|Any CPU
		{C6D0739E-844E-4835-AF6A-8146556439F0}.Release|Any CPU.Build.0 = Release|Any CPU
		{EEB6FD9A-019D-4717-9194-55EE3272739C}.Debug|Any CPU.ActiveCfg = Debug|Any CPU
		{EEB6FD9A-019D-4717-9194-55EE3272739C}.Debug|Any CPU.Build.0 = Debug|Any CPU
		{EEB6FD9A-019D-4717-9194-55EE3272739C}.Release|Any CPU.ActiveCfg = Release|Any CPU
		{EEB6FD9A-019D-4717-9194-55EE3272739C}.Release|Any CPU.Build.0 = Release|Any CPU
		{2E9CE388-A8B3-4E5B-A2BE-770E5673A005}.Debug|Any CPU.ActiveCfg = Debug|Any CPU
		{2E9CE388-A8B3-4E5B-A2BE-770E5673A005}.Debug|Any CPU.Build.0 = Debug|Any CPU
		{2E9CE388-A8B3-4E5B-A2BE-770E5673A005}.Release|Any CPU.ActiveCfg = Release|Any CPU
		{2E9CE388-A8B3-4E5B-A2BE-770E5673A005}.Release|Any CPU.Build.0 = Release|Any CPU
		{EB505C5F-0D5B-4B81-BF9C-2AE05876A3D0}.Debug|Any CPU.ActiveCfg = Debug|Any CPU
		{EB505C5F-0D5B-4B81-BF9C-2AE05876A3D0}.Debug|Any CPU.Build.0 = Debug|Any CPU
		{EB505C5F-0D5B-4B81-BF9C-2AE05876A3D0}.Release|Any CPU.ActiveCfg = Release|Any CPU
		{EB505C5F-0D5B-4B81-BF9C-2AE05876A3D0}.Release|Any CPU.Build.0 = Release|Any CPU
		{669D35FE-EECF-4A30-9BA3-1890FD34C21B}.Debug|Any CPU.ActiveCfg = Debug|Any CPU
		{669D35FE-EECF-4A30-9BA3-1890FD34C21B}.Debug|Any CPU.Build.0 = Debug|Any CPU
		{669D35FE-EECF-4A30-9BA3-1890FD34C21B}.Release|Any CPU.ActiveCfg = Release|Any CPU
		{669D35FE-EECF-4A30-9BA3-1890FD34C21B}.Release|Any CPU.Build.0 = Release|Any CPU
		{BDB56895-FD3A-42B8-80DE-E118FEC690EA}.Debug|Any CPU.ActiveCfg = Debug|Any CPU
		{BDB56895-FD3A-42B8-80DE-E118FEC690EA}.Debug|Any CPU.Build.0 = Debug|Any CPU
		{BDB56895-FD3A-42B8-80DE-E118FEC690EA}.Release|Any CPU.ActiveCfg = Release|Any CPU
		{BDB56895-FD3A-42B8-80DE-E118FEC690EA}.Release|Any CPU.Build.0 = Release|Any CPU
		{6DAE9F41-3A87-46CC-A548-313EFF89877F}.Debug|Any CPU.ActiveCfg = Debug|Any CPU
		{6DAE9F41-3A87-46CC-A548-313EFF89877F}.Debug|Any CPU.Build.0 = Debug|Any CPU
		{6DAE9F41-3A87-46CC-A548-313EFF89877F}.Debug|Any CPU.Deploy.0 = Debug|Any CPU
		{6DAE9F41-3A87-46CC-A548-313EFF89877F}.Release|Any CPU.ActiveCfg = Release|Any CPU
		{6DAE9F41-3A87-46CC-A548-313EFF89877F}.Release|Any CPU.Build.0 = Release|Any CPU
		{6DAE9F41-3A87-46CC-A548-313EFF89877F}.Release|Any CPU.Deploy.0 = Release|Any CPU
		{8CC7CA11-5A86-4647-90F7-426848F6B797}.Debug|Any CPU.ActiveCfg = Debug|Any CPU
		{8CC7CA11-5A86-4647-90F7-426848F6B797}.Debug|Any CPU.Build.0 = Debug|Any CPU
		{8CC7CA11-5A86-4647-90F7-426848F6B797}.Release|Any CPU.ActiveCfg = Release|Any CPU
		{8CC7CA11-5A86-4647-90F7-426848F6B797}.Release|Any CPU.Build.0 = Release|Any CPU
		{CDE92D22-48B1-4D2E-9827-CCEF9415569A}.Debug|Any CPU.ActiveCfg = Debug|Any CPU
		{CDE92D22-48B1-4D2E-9827-CCEF9415569A}.Debug|Any CPU.Build.0 = Debug|Any CPU
		{CDE92D22-48B1-4D2E-9827-CCEF9415569A}.Release|Any CPU.ActiveCfg = Release|Any CPU
		{CDE92D22-48B1-4D2E-9827-CCEF9415569A}.Release|Any CPU.Build.0 = Release|Any CPU
		{31ED121D-96D0-43EA-82A3-D76AEAFA3C45}.Debug|Any CPU.ActiveCfg = Debug|Any CPU
		{31ED121D-96D0-43EA-82A3-D76AEAFA3C45}.Debug|Any CPU.Build.0 = Debug|Any CPU
		{31ED121D-96D0-43EA-82A3-D76AEAFA3C45}.Release|Any CPU.ActiveCfg = Release|Any CPU
		{31ED121D-96D0-43EA-82A3-D76AEAFA3C45}.Release|Any CPU.Build.0 = Release|Any CPU
		{11591C9B-A856-45DB-B84F-75F1CB8758C4}.Debug|Any CPU.ActiveCfg = Debug|Any CPU
		{11591C9B-A856-45DB-B84F-75F1CB8758C4}.Debug|Any CPU.Build.0 = Debug|Any CPU
		{11591C9B-A856-45DB-B84F-75F1CB8758C4}.Release|Any CPU.ActiveCfg = Release|Any CPU
		{11591C9B-A856-45DB-B84F-75F1CB8758C4}.Release|Any CPU.Build.0 = Release|Any CPU
	EndGlobalSection
	GlobalSection(SolutionProperties) = preSolution
		HideSolutionNode = FALSE
	EndGlobalSection
	GlobalSection(NestedProjects) = preSolution
		{C6D0739E-844E-4835-AF6A-8146556439F0} = {E2E8AE3F-154D-4A07-BF54-DA40A79B7ED3}
		{EEB6FD9A-019D-4717-9194-55EE3272739C} = {E2E8AE3F-154D-4A07-BF54-DA40A79B7ED3}
		{2E9CE388-A8B3-4E5B-A2BE-770E5673A005} = {E2E8AE3F-154D-4A07-BF54-DA40A79B7ED3}
		{EB505C5F-0D5B-4B81-BF9C-2AE05876A3D0} = {E2E8AE3F-154D-4A07-BF54-DA40A79B7ED3}
		{669D35FE-EECF-4A30-9BA3-1890FD34C21B} = {E2E8AE3F-154D-4A07-BF54-DA40A79B7ED3}
		{BDB56895-FD3A-42B8-80DE-E118FEC690EA} = {E2E8AE3F-154D-4A07-BF54-DA40A79B7ED3}
		{6DAE9F41-3A87-46CC-A548-313EFF89877F} = {E2E8AE3F-154D-4A07-BF54-DA40A79B7ED3}
		{8CC7CA11-5A86-4647-90F7-426848F6B797} = {11402A15-EA91-4DDD-A5AE-8265D60F09E8}
		{CDE92D22-48B1-4D2E-9827-CCEF9415569A} = {11402A15-EA91-4DDD-A5AE-8265D60F09E8}
		{31ED121D-96D0-43EA-82A3-D76AEAFA3C45} = {11402A15-EA91-4DDD-A5AE-8265D60F09E8}
		{11591C9B-A856-45DB-B84F-75F1CB8758C4} = {11402A15-EA91-4DDD-A5AE-8265D60F09E8}
	EndGlobalSection
	GlobalSection(ExtensibilityGlobals) = postSolution
		SolutionGuid = {E4BD958E-FBDE-4EBC-B91A-DE50F6D63C50}
	EndGlobalSection
EndGlobal
